version = 1
revision = 3
requires-python = "==3.11.*"
resolution-markers = [
    "platform_machine == 'x86_64' and sys_platform == 'linux'",
]
supported-markers = [
    "platform_machine == 'x86_64' and sys_platform == 'linux'",
]
required-markers = [
    "platform_machine == 'x86_64' and sys_platform == 'linux'",
]

[[package]]
name = "certifi"
version = "2026.7.22"
source = { registry = "https://pypi.org/simple" }
sdist = { url = "https://files.pythonhosted.org/packages/a3/c2/24167ea9858356b47a87a50d39908bfdb72ceeefe0041586e704e5376b3a/certifi-2026.7.22.tar.gz", hash = "sha256:741e2c3b351ddf169a738da9f2c048608ff7f2c5cc02f1ebc6b118bb090d5d55", size = 138112, upload-time = "2026-07-22T03:35:12.644Z" }
wheels = [
    { url = "https://files.pythonhosted.org/packages/0b/a7/71ac2cff56fec219ed242bb11b8efb69fcc4bec75db06fb7bfe35de520e6/certifi-2026.7.22-py3-none-any.whl", hash = "sha256:62f22742b58a1a33014a2b6b706588a8d7e2a88ae7bd1a6ebe8c992928483775", size = 136983, upload-time = "2026-07-22T03:35:11.276Z" },
]

[[package]]
name = "charset-normalizer"
version = "3.4.9"
source = { registry = "https://pypi.org/simple" }
sdist = { url = "https://files.pythonhosted.org/packages/bd/2a/23f34ec9d04624958e137efdc394888716353190e75f25dd22c7a2c7a8aa/charset_normalizer-3.4.9.tar.gz", hash = "sha256:673611bbd43f0810bec0b0f028ddeaaa501190339cac411f347ac76917c3ae7b", size = 152439, upload-time = "2026-07-07T14:34:58.454Z" }
wheels = [
    { url = "https://files.pythonhosted.org/packages/a5/34/49b9060e8418b14fb5cba9cf6bfb383111e2538a03a1fb18e66a95aeb3d5/charset_normalizer-3.4.9-cp311-cp311-manylinux2014_x86_64.manylinux_2_17_x86_64.manylinux_2_28_x86_64.whl", hash = "sha256:04ce310cb89c15df659582aee80a0603788732a5e017d5bd5c81158106ce249c", size = 221276, upload-time = "2026-07-07T14:33:02.199Z" },
    { url = "https://files.pythonhosted.org/packages/af/ba/5e5007c370702f85d2ef75791fac7943ed41e080364a673b20142e430e3e/charset_normalizer-3.4.9-cp311-cp311-musllinux_1_2_x86_64.whl", hash = "sha256:280081916dc341820640489a66e4696049401ef1cf6dd672f672e70ad915aca3", size = 223066, upload-time = "2026-07-07T14:33:09.783Z" },
    { url = "https://files.pythonhosted.org/packages/98/2b/f97f1c193fb855c345d678f5077d6926034db0722df74c8f057020e05a25/charset_normalizer-3.4.9-py3-none-any.whl", hash = "sha256:68e5f26a1ad57ded6d1cfb85331d1c1a195314756471d97758c48498bb4dcdf5", size = 64538, upload-time = "2026-07-07T14:34:56.993Z" },
]

[[package]]
name = "einops"
version = "0.8.2"
source = { registry = "https://pypi.org/simple" }
sdist = { url = "https://files.pythonhosted.org/packages/2c/77/850bef8d72ffb9219f0b1aac23fbc1bf7d038ee6ea666f331fa273031aa2/einops-0.8.2.tar.gz", hash = "sha256:609da665570e5e265e27283aab09e7f279ade90c4f01bcfca111f3d3e13f2827", size = 56261, upload-time = "2026-01-26T04:13:17.638Z" }
wheels = [
    { url = "https://files.pythonhosted.org/packages/2a/09/f8d8f8f31e4483c10a906437b4ce31bdf3d6d417b73fe33f1a8b59e34228/einops-0.8.2-py3-none-any.whl", hash = "sha256:54058201ac7087911181bfec4af6091bb59380360f069276601256a76af08193", size = 65638, upload-time = "2026-01-26T04:13:18.546Z" },
]

[[package]]
name = "filelock"
version = "3.32.0"
source = { registry = "https://pypi.org/simple" }
sdist = { url = "https://files.pythonhosted.org/packages/c0/80/8232b582c4b318b817cf1274ba74976b07b34d35ef439b3eb948f98645a1/filelock-3.32.0.tar.gz", hash = "sha256:7be2ad23a14607ccc71808e68fe30848aeace7058ace17852f68e2a68e310402", size = 213757, upload-time = "2026-07-21T13:17:42.898Z" }
wheels = [
    { url = "https://files.pythonhosted.org/packages/06/79/b4c714bef36bc4ec2beeae1e0c124f0223888cd8c6feb1cdc56038116920/filelock-3.32.0-py3-none-any.whl", hash = "sha256:d396bea984af47333ef05e50eae7eff88c84256de6112aea0ec48a233c064fe3", size = 97732, upload-time = "2026-07-21T13:17:41.55Z" },
]

[[package]]
name = "flash-attn"
version = "2.8.3"
source = { registry = "https://pypi.org/simple" }
dependencies = [
    { name = "einops", marker = "platform_machine == 'x86_64' and sys_platform == 'linux'" },
    { name = "torch", marker = "platform_machine == 'x86_64' and sys_platform == 'linux'" },
]
sdist = { url = "https://files.pythonhosted.org/packages/3b/b2/8d76c41ad7974ee264754709c22963447f7f8134613fd9ce80984ed0dab7/flash_attn-2.8.3.tar.gz", hash = "sha256:1e71dd64a9e0280e0447b8a0c2541bad4bf6ac65bdeaa2f90e51a9e57de0370d", size = 8447812, upload-time = "2025-08-15T08:28:12.911Z" }

[[package]]
name = "fsspec"
version = "2026.6.0"
source = { registry = "https://pypi.org/simple" }
sdist = { url = "https://files.pythonhosted.org/packages/10/a1/ae4e3e5003468d6391d2c77b6fa1cd73bd5d13511d81c642d7b28ac90ed4/fsspec-2026.6.0.tar.gz", hash = "sha256:f5bac145310fe30e16e1471bd6840b2d990d609e872251d7e674241822abf01a", size = 313646, upload-time = "2026-06-16T01:57:28.105Z" }
wheels = [
    { url = "https://files.pythonhosted.org/packages/e5/22/4222d7ddf3da30f363edaa98e329c2bce6c65497c9cb2810931c8b2c0fbc/fsspec-2026.6.0-py3-none-any.whl", hash = "sha256:02e0b71817df9b2169dc30a16832045764def1191b43dcff5bb85bdee212d2a1", size = 203949, upload-time = "2026-06-16T01:57:26.358Z" },
]

[[package]]
name = "hf-xet"
version = "1.5.2"
source = { registry = "https://pypi.org/simple" }
sdist = { url = "https://files.pythonhosted.org/packages/63/39/67be8d71f900d9a55761b6022821d6679fb56c64f1b6063d5af2c2606727/hf_xet-1.5.2.tar.gz", hash = "sha256:73044bd31bae33c984af832d19c752a0dffb67518fee9ddbd91d616e1101cf47", size = 903674, upload-time = "2026-07-16T17:29:56.833Z" }
wheels = [
    { url = "https://files.pythonhosted.org/packages/d3/35/db860aa3a0780660324a506ad4b3d322ddc6ecbba4b9340aed0942cbf21c/hf_xet-1.5.2-cp38-abi3-manylinux2014_x86_64.manylinux_2_17_x86_64.whl", hash = "sha256:db78c39c83d6279daddc98e2238f373ab8980685556d42472b4ec51abcf03e8c", size = 4428006, upload-time = "2026-07-16T17:29:46.996Z" },
    { url = "https://files.pythonhosted.org/packages/07/a9/c050bc2743a2bcd68928bfee157b08681667a164a24ec95fbfcfcd717e08/hf_xet-1.5.2-cp38-abi3-musllinux_1_2_x86_64.whl", hash = "sha256:cde8cd167126bb6109b2ceb19b844433a4988643e8f3e01dd9dd0e4a34535097", size = 4636716, upload-time = "2026-07-16T17:29:51.62Z" },
]

[[package]]
name = "huggingface-hub"
version = "0.36.2"
source = { registry = "https://pypi.org/simple" }
dependencies = [
    { name = "filelock", marker = "platform_machine == 'x86_64' and sys_platform == 'linux'" },
    { name = "fsspec", marker = "platform_machine == 'x86_64' and sys_platform == 'linux'" },
    { name = "hf-xet", marker = "platform_machine == 'x86_64' and sys_platform == 'linux'" },
    { name = "packaging", marker = "platform_machine == 'x86_64' and sys_platform == 'linux'" },
    { name = "pyyaml", marker = "platform_machine == 'x86_64' and sys_platform == 'linux'" },
    { name = "requests", marker = "platform_machine == 'x86_64' and sys_platform == 'linux'" },
    { name = "tqdm", marker = "platform_machine == 'x86_64' and sys_platform == 'linux'" },
    { name = "typing-extensions", marker = "platform_machine == 'x86_64' and sys_platform == 'linux'" },
]
sdist = { url = "https://files.pythonhosted.org/packages/7c/b7/8cb61d2eece5fb05a83271da168186721c450eb74e3c31f7ef3169fa475b/huggingface_hub-0.36.2.tar.gz", hash = "sha256:1934304d2fb224f8afa3b87007d58501acfda9215b334eed53072dd5e815ff7a", size = 649782, upload-time = "2026-02-06T09:24:13.098Z" }
wheels = [
    { url = "https://files.pythonhosted.org/packages/a8/af/48ac8483240de756d2438c380746e7130d1c6f75802ef22f3c6d49982787/huggingface_hub-0.36.2-py3-none-any.whl", hash = "sha256:48f0c8eac16145dfce371e9d2d7772854a4f591bcb56c9cf548accf531d54270", size = 566395, upload-time = "2026-02-06T09:24:11.133Z" },
]

[[package]]
name = "idna"
version = "3.18"
source = { registry = "https://pypi.org/simple" }
sdist = { url = "https://files.pythonhosted.org/packages/cd/63/9496c57188a2ee585e0f1db071d75089a11e98aa86eb99d9d7618fc1edce/idna-3.18.tar.gz", hash = "sha256:ffb385a7e039654cef1ab9ef32c6fafe283c0c0467bba1d9029738ce4a14a848", size = 196711, upload-time = "2026-06-02T14:34:07.794Z" }
wheels = [
    { url = "https://files.pythonhosted.org/packages/1e/5e/d4e9f1a599fb8e573b7b87160658329fbf28d19eac2718f51fc3def3aa5a/idna-3.18-py3-none-any.whl", hash = "sha256:7f952cbe720b688055e3f87de14f5c3e5fdaa8bc3928985c4077ca689de849a2", size = 65455, upload-time = "2026-06-02T14:34:06.319Z" },
]

[[package]]
name = "jinja2"
version = "3.1.6"
source = { registry = "https://pypi.org/simple" }
dependencies = [
    { name = "markupsafe", marker = "platform_machine == 'x86_64' and sys_platform == 'linux'" },
]
sdist = { url = "https://files.pythonhosted.org/packages/df/bf/f7da0350254c0ed7c72f3e33cef02e048281fec7ecec5f032d4aac52226b/jinja2-3.1.6.tar.gz", hash = "sha256:0137fb05990d35f1275a587e9aee6d56da821fc83491a0fb838183be43f66d6d", size = 245115, upload-time = "2025-03-05T20:05:02.478Z" }
wheels = [
    { url = "https://files.pythonhosted.org/packages/62/a1/3d680cbfd5f4b8f15abc1d571870c5fc3e594bb582bc3b64ea099db13e56/jinja2-3.1.6-py3-none-any.whl", hash = "sha256:85ece4451f492d0c13c5dd7c13a64681a86afae63a5f347908daf103ce6d2f67", size = 134899, upload-time = "2025-03-05T20:05:00.369Z" },
]

[[package]]
name = "markupsafe"
version = "3.0.3"
source = { registry = "https://pypi.org/simple" }
sdist = { url = "https://files.pythonhosted.org/packages/7e/99/7690b6d4034fffd95959cbe0c02de8deb3098cc577c67bb6a24fe5d7caa7/markupsafe-3.0.3.tar.gz", hash = "sha256:722695808f4b6457b320fdc131280796bdceb04ab50fe1795cd540799ebe1698", size = 80313, upload-time = "2025-09-27T18:37:40.426Z" }
wheels = [
    { url = "https://files.pythonhosted.org/packages/30/ac/0273f6fcb5f42e314c6d8cd99effae6a5354604d461b8d392b5ec9530a54/markupsafe-3.0.3-cp311-cp311-manylinux2014_x86_64.manylinux_2_17_x86_64.manylinux_2_28_x86_64.whl", hash = "sha256:0bf2a864d67e76e5c9a34dc26ec616a66b9888e25e7b9460e1c76d3293bd9dbf", size = 22940, upload-time = "2025-09-27T18:36:22.249Z" },
    { url = "https://files.pythonhosted.org/packages/62/7e/a145f36a5c2945673e590850a6f8014318d5577ed7e5920a4b3448e0865d/markupsafe-3.0.3-cp311-cp311-musllinux_1_2_x86_64.whl", hash = "sha256:f9e130248f4462aaa8e2552d547f36ddadbeaa573879158d721bbd33dfe4743a", size = 22923, upload-time = "2025-09-27T18:36:27.109Z" },
]

[[package]]
name = "mpmath"
version = "1.3.0"
source = { registry = "https://pypi.org/simple" }
sdist = { url = "https://files.pythonhosted.org/packages/e0/47/dd32fa426cc72114383ac549964eecb20ecfd886d1e5ccf5340b55b02f57/mpmath-1.3.0.tar.gz", hash = "sha256:7a28eb2a9774d00c7bc92411c19a89209d5da7c4c9a9e227be8330a23a25b91f", size = 508106, upload-time = "2023-03-07T16:47:11.061Z" }
wheels = [
    { url = "https://files.pythonhosted.org/packages/43/e3/7d92a15f894aa0c9c4b49b8ee9ac9850d6e63b03c9c32c0367a13ae62209/mpmath-1.3.0-py3-none-any.whl", hash = "sha256:a0b2b9fe80bbcd81a6647ff13108738cfb482d481d826cc0e02f5b35e5c88d2c", size = 536198, upload-time = "2023-03-07T16:47:09.197Z" },
]

[[package]]
name = "nano-vllm-bench"
version = "0.1.0"
source = { virtual = "." }
dependencies = [
    { name = "flash-attn", marker = "platform_machine == 'x86_64' and sys_platform == 'linux'" },
    { name = "numpy", marker = "platform_machine == 'x86_64' and sys_platform == 'linux'" },
    { name = "torch", marker = "platform_machine == 'x86_64' and sys_platform == 'linux'" },
    { name = "transformers", marker = "platform_machine == 'x86_64' and sys_platform == 'linux'" },
    { name = "triton", marker = "platform_machine == 'x86_64' and sys_platform == 'linux'" },
    { name = "xxhash", marker = "platform_machine == 'x86_64' and sys_platform == 'linux'" },
]

[package.metadata]
requires-dist = [
    { name = "flash-attn", specifier = "==2.8.3" },
    { name = "numpy", specifier = "==2.2.6" },
    { name = "torch", specifier = "==2.8.0", index = "https://download.pytorch.org/whl/cu128" },
    { name = "transformers", specifier = "==4.53.2" },
    { name = "triton", specifier = "==3.4.0" },
    { name = "xxhash", specifier = "==3.5.0" },
]

[[package]]
name = "networkx"
version = "3.6.1"
source = { registry = "https://pypi.org/simple" }
sdist = { url = "https://files.pythonhosted.org/packages/6a/51/63fe664f3908c97be9d2e4f1158eb633317598cfa6e1fc14af5383f17512/networkx-3.6.1.tar.gz", hash = "sha256:26b7c357accc0c8cde558ad486283728b65b6a95d85ee1cd66bafab4c8168509", size = 2517025, upload-time = "2025-12-08T17:02:39.908Z" }
wheels = [
    { url = "https://files.pythonhosted.org/packages/9e/c9/b2622292ea83fbb4ec318f5b9ab867d0a28ab43c5717bb85b0a5f6b3b0a4/networkx-3.6.1-py3-none-any.whl", hash = "sha256:d47fbf302e7d9cbbb9e2555a0d267983d2aa476bac30e90dfbe5669bd57f3762", size = 2068504, upload-time = "2025-12-08T17:02:38.159Z" },
]

[[package]]
name = "numpy"
version = "2.2.6"
source = { registry = "https://pypi.org/simple" }
sdist = { url = "https://files.pythonhosted.org/packages/76/21/7d2a95e4bba9dc13d043ee156a356c0a8f0c6309dff6b21b4d71a073b8a8/numpy-2.2.6.tar.gz", hash = "sha256:e29554e2bef54a90aa5cc07da6ce955accb83f21ab5de01a62c8478897b264fd", size = 20276440, upload-time = "2025-05-17T22:38:04.611Z" }
wheels = [
    { url = "https://files.pythonhosted.org/packages/b3/dd/2238b898e51bd6d389b7389ffb20d7f4c10066d80351187ec8e303a5a475/numpy-2.2.6-cp311-cp311-manylinux_2_17_x86_64.manylinux2014_x86_64.whl", hash = "sha256:ba10f8411898fc418a521833e014a77d3ca01c15b0c6cdcce6a0d2897e6dbbdf", size = 16821570, upload-time = "2025-05-17T21:32:47.991Z" },
    { url = "https://files.pythonhosted.org/packages/ae/9d/81e8216030ce66be25279098789b665d49ff19eef08bfa8cb96d4957f422/numpy-2.2.6-cp311-cp311-musllinux_1_2_x86_64.whl", hash = "sha256:9551a499bf125c1d4f9e250377c1ee2eddd02e01eac6644c080162c0c51778ab", size = 18620521, upload-time = "2025-05-17T21:33:39.139Z" },
]

[[package]]
name = "nvidia-cublas-cu12"
version = "12.8.4.1"
source = { registry = "https://pypi.org/simple" }
wheels = [
    { url = "https://files.pythonhosted.org/packages/dc/61/e24b560ab2e2eaeb3c839129175fb330dfcfc29e5203196e5541a4c44682/nvidia_cublas_cu12-12.8.4.1-py3-none-manylinux_2_27_x86_64.whl", hash = "sha256:8ac4e771d5a348c551b2a426eda6193c19aa630236b418086020df5ba9667142", size = 594346921, upload-time = "2025-03-07T01:44:31.254Z" },
]

[[package]]
name = "nvidia-cuda-cupti-cu12"
version = "12.8.90"
source = { registry = "https://pypi.org/simple" }
wheels = [
    { url = "https://files.pythonhosted.org/packages/f8/02/2adcaa145158bf1a8295d83591d22e4103dbfd821bcaf6f3f53151ca4ffa/nvidia_cuda_cupti_cu12-12.8.90-py3-none-manylinux2014_x86_64.manylinux_2_17_x86_64.whl", hash = "sha256:ea0cb07ebda26bb9b29ba82cda34849e73c166c18162d3913575b0c9db9a6182", size = 10248621, upload-time = "2025-03-07T01:40:21.213Z" },
]

[[package]]
name = "nvidia-cuda-nvrtc-cu12"
version = "12.8.93"
source = { registry = "https://pypi.org/simple" }
wheels = [
    { url = "https://files.pythonhosted.org/packages/05/6b/32f747947df2da6994e999492ab306a903659555dddc0fbdeb9d71f75e52/nvidia_cuda_nvrtc_cu12-12.8.93-py3-none-manylinux2010_x86_64.manylinux_2_12_x86_64.whl", hash = "sha256:a7756528852ef889772a84c6cd89d41dfa74667e24cca16bb31f8f061e3e9994", size = 88040029, upload-time = "2025-03-07T01:42:13.562Z" },
]

[[package]]
name = "nvidia-cuda-runtime-cu12"
version = "12.8.90"
source = { registry = "https://pypi.org/simple" }
wheels = [
    { url = "https://files.pythonhosted.org/packages/0d/9b/a997b638fcd068ad6e4d53b8551a7d30fe8b404d6f1804abf1df69838932/nvidia_cuda_runtime_cu12-12.8.90-py3-none-manylinux2014_x86_64.manylinux_2_17_x86_64.whl", hash = "sha256:adade8dcbd0edf427b7204d480d6066d33902cab2a4707dcfc48a2d0fd44ab90", size = 954765, upload-time = "2025-03-07T01:40:01.615Z" },
]

[[package]]
name = "nvidia-cudnn-cu12"
version = "9.10.2.21"
source = { registry = "https://pypi.org/simple" }
dependencies = [
    { name = "nvidia-cublas-cu12", marker = "platform_machine == 'x86_64' and sys_platform == 'linux'" },
]
wheels = [
    { url = "https://files.pythonhosted.org/packages/ba/51/e123d997aa098c61d029f76663dedbfb9bc8dcf8c60cbd6adbe42f76d049/nvidia_cudnn_cu12-9.10.2.21-py3-none-manylinux_2_27_x86_64.whl", hash = "sha256:949452be657fa16687d0930933f032835951ef0892b37d2d53824d1a84dc97a8", size = 706758467, upload-time = "2025-06-06T21:54:08.597Z" },
]

[[package]]
name = "nvidia-cufft-cu12"
version = "11.3.3.83"
source = { registry = "https://pypi.org/simple" }
dependencies = [
    { name = "nvidia-nvjitlink-cu12", marker = "platform_machine == 'x86_64' and sys_platform == 'linux'" },
]
wheels = [
    { url = "https://files.pythonhosted.org/packages/1f/13/ee4e00f30e676b66ae65b4f08cb5bcbb8392c03f54f2d5413ea99a5d1c80/nvidia_cufft_cu12-11.3.3.83-py3-none-manylinux2014_x86_64.manylinux_2_17_x86_64.whl", hash = "sha256:4d2dd21ec0b88cf61b62e6b43564355e5222e4a3fb394cac0db101f2dd0d4f74", size = 193118695, upload-time = "2025-03-07T01:45:27.821Z" },
]

[[package]]
name = "nvidia-cufile-cu12"
version = "1.13.1.3"
source = { registry = "https://pypi.org/simple" }
wheels = [
    { url = "https://files.pythonhosted.org/packages/bb/fe/1bcba1dfbfb8d01be8d93f07bfc502c93fa23afa6fd5ab3fc7c1df71038a/nvidia_cufile_cu12-1.13.1.3-py3-none-manylinux2014_x86_64.manylinux_2_17_x86_64.whl", hash = "sha256:1d069003be650e131b21c932ec3d8969c1715379251f8d23a1860554b1cb24fc", size = 1197834, upload-time = "2025-03-07T01:45:50.723Z" },
]

[[package]]
name = "nvidia-curand-cu12"
version = "10.3.9.90"
source = { registry = "https://pypi.org/simple" }
wheels = [
    { url = "https://files.pythonhosted.org/packages/fb/aa/6584b56dc84ebe9cf93226a5cde4d99080c8e90ab40f0c27bda7a0f29aa1/nvidia_curand_cu12-10.3.9.90-py3-none-manylinux_2_27_x86_64.whl", hash = "sha256:b32331d4f4df5d6eefa0554c565b626c7216f87a06a4f56fab27c3b68a830ec9", size = 63619976, upload-time = "2025-03-07T01:46:23.323Z" },
]

[[package]]
name = "nvidia-cusolver-cu12"
version = "11.7.3.90"
source = { registry = "https://pypi.org/simple" }
dependencies = [
    { name = "nvidia-cublas-cu12", marker = "platform_machine == 'x86_64' and sys_platform == 'linux'" },
    { name = "nvidia-cusparse-cu12", marker = "platform_machine == 'x86_64' and sys_platform == 'linux'" },
    { name = "nvidia-nvjitlink-cu12", marker = "platform_machine == 'x86_64' and sys_platform == 'linux'" },
]
wheels = [
    { url = "https://files.pythonhosted.org/packages/85/48/9a13d2975803e8cf2777d5ed57b87a0b6ca2cc795f9a4f59796a910bfb80/nvidia_cusolver_cu12-11.7.3.90-py3-none-manylinux_2_27_x86_64.whl", hash = "sha256:4376c11ad263152bd50ea295c05370360776f8c3427b30991df774f9fb26c450", size = 267506905, upload-time = "2025-03-07T01:47:16.273Z" },
]

[[package]]
name = "nvidia-cusparse-cu12"
version = "12.5.8.93"
source = { registry = "https://pypi.org/simple" }
dependencies = [
    { name = "nvidia-nvjitlink-cu12", marker = "platform_machine == 'x86_64' and sys_platform == 'linux'" },
]
wheels = [
    { url = "https://files.pythonhosted.org/packages/c2/f5/e1854cb2f2bcd4280c44736c93550cc300ff4b8c95ebe370d0aa7d2b473d/nvidia_cusparse_cu12-12.5.8.93-py3-none-manylinux2014_x86_64.manylinux_2_17_x86_64.whl", hash = "sha256:1ec05d76bbbd8b61b06a80e1eaf8cf4959c3d4ce8e711b65ebd0443bb0ebb13b", size = 288216466, upload-time = "2025-03-07T01:48:13.779Z" },
]

[[package]]
name = "nvidia-cusparselt-cu12"
version = "0.7.1"
source = { registry = "https://pypi.org/simple" }
wheels = [
    { url = "https://files.pythonhosted.org/packages/56/79/12978b96bd44274fe38b5dde5cfb660b1d114f70a65ef962bcbbed99b549/nvidia_cusparselt_cu12-0.7.1-py3-none-manylinux2014_x86_64.whl", hash = "sha256:f1bb701d6b930d5a7cea44c19ceb973311500847f81b634d802b7b539dc55623", size = 287193691, upload-time = "2025-02-26T00:15:44.104Z" },
]

[[package]]
name = "nvidia-nccl-cu12"
version = "2.27.3"
source = { registry = "https://pypi.org/simple" }
wheels = [
    { url = "https://files.pythonhosted.org/packages/5c/5b/4e4fff7bad39adf89f735f2bc87248c81db71205b62bcc0d5ca5b606b3c3/nvidia_nccl_cu12-2.27.3-py3-none-manylinux2014_x86_64.manylinux_2_17_x86_64.whl", hash = "sha256:adf27ccf4238253e0b826bce3ff5fa532d65fc42322c8bfdfaf28024c0fbe039", size = 322364134, upload-time = "2025-06-03T21:58:04.013Z" },
]

[[package]]
name = "nvidia-nvjitlink-cu12"
version = "12.8.93"
source = { registry = "https://pypi.org/simple" }
wheels = [
    { url = "https://files.pythonhosted.org/packages/f6/74/86a07f1d0f42998ca31312f998bd3b9a7eff7f52378f4f270c8679c77fb9/nvidia_nvjitlink_cu12-12.8.93-py3-none-manylinux2010_x86_64.manylinux_2_12_x86_64.whl", hash = "sha256:81ff63371a7ebd6e6451970684f916be2eab07321b73c9d244dc2b4da7f73b88", size = 39254836, upload-time = "2025-03-07T01:49:55.661Z" },
]

[[package]]
name = "nvidia-nvtx-cu12"
version = "12.8.90"
source = { registry = "https://pypi.org/simple" }
wheels = [
    { url = "https://files.pythonhosted.org/packages/a2/eb/86626c1bbc2edb86323022371c39aa48df6fd8b0a1647bc274577f72e90b/nvidia_nvtx_cu12-12.8.90-py3-none-manylinux2014_x86_64.manylinux_2_17_x86_64.whl", hash = "sha256:5b17e2001cc0d751a5bc2c6ec6d26ad95913324a4adb86788c944f8ce9ba441f", size = 89954, upload-time = "2025-03-07T01:42:44.131Z" },
]

[[package]]
name = "packaging"
version = "25.0"
source = { registry = "https://pypi.org/simple" }
sdist = { url = "https://files.pythonhosted.org/packages/a1/d4/1fc4078c65507b51b96ca8f8c3ba19e6a61c8253c72794544580a7b6c24d/packaging-25.0.tar.gz", hash = "sha256:d443872c98d677bf60f6a1f2f8c1cb748e8fe762d2bf9d3148b5599295b0fc4f", size = 165727, upload-time = "2025-04-19T11:48:59.673Z" }
wheels = [
    { url = "https://files.pythonhosted.org/packages/20/12/38679034af332785aac8774540895e234f4d07f7545804097de4b666afd8/packaging-25.0-py3-none-any.whl", hash = "sha256:29572ef2b1f17581046b3a2227d5c611fb25ec70ca1ba8554b24b0e69331a484", size = 66469, upload-time = "2025-04-19T11:48:57.875Z" },
]

[[package]]
name = "pyyaml"
version = "6.0.3"
source = { registry = "https://pypi.org/simple" }
sdist = { url = "https://files.pythonhosted.org/packages/05/8e/961c0007c59b8dd7729d542c61a4d537767a59645b82a0b521206e1e25c2/pyyaml-6.0.3.tar.gz", hash = "sha256:d76623373421df22fb4cf8817020cbb7ef15c725b9d5e45f17e189bfc384190f", size = 130960, upload-time = "2025-09-25T21:33:16.546Z" }
wheels = [
    { url = "https://files.pythonhosted.org/packages/71/60/917329f640924b18ff085ab889a11c763e0b573da888e8404ff486657602/pyyaml-6.0.3-cp311-cp311-manylinux2014_x86_64.manylinux_2_17_x86_64.manylinux_2_28_x86_64.whl", hash = "sha256:b8bb0864c5a28024fac8a632c443c87c5aa6f215c0b126c449ae1a150412f31d", size = 806638, upload-time = "2025-09-25T21:32:04.553Z" },
    { url = "https://files.pythonhosted.org/packages/f2/6a/b627b4e0c1dd03718543519ffb2f1deea4a1e6d42fbab8021936a4d22589/pyyaml-6.0.3-cp311-cp311-musllinux_1_2_x86_64.whl", hash = "sha256:37503bfbfc9d2c40b344d06b2199cf0e96e97957ab1c1b546fd4f87e53e5d3e4", size = 794986, upload-time = "2025-09-25T21:32:07.367Z" },
]

[[package]]
name = "regex"
version = "2026.7.19"
source = { registry = "https://pypi.org/simple" }
sdist = { url = "https://files.pythonhosted.org/packages/20/98/04b13f1ddfb63158025291c02e03eb42fbb7acb51d091d541050eb4e35e8/regex-2026.7.19.tar.gz", hash = "sha256:7e77b324909c1617cbb4c668677e2c6ae13f44d7c1de0d4f15f2e3c10f3315b5", size = 416440, upload-time = "2026-07-19T00:19:48.923Z" }
wheels = [
    { url = "https://files.pythonhosted.org/packages/45/6c/e7098d8b846ccdbf431d8c081b61e496526a27a28094ed09e0dce21b3f54/regex-2026.7.19-cp311-cp311-manylinux2014_x86_64.manylinux_2_17_x86_64.manylinux_2_28_x86_64.whl", hash = "sha256:09f3e5287f94f17b709dc9a9e70865855feee835c861613be144218ce4ca82cc", size = 801407, upload-time = "2026-07-19T00:16:49.43Z" },
    { url = "https://files.pythonhosted.org/packages/51/15/c82a471fe3dce56f03745635b43aa456c40dc0db089e07ef148b331507d1/regex-2026.7.19-cp311-cp311-musllinux_1_2_x86_64.whl", hash = "sha256:d6ce43a0269d68cee79a7d1ade7def53c20f8f2a047b92d7b5d5bcc73ae88327", size = 789683, upload-time = "2026-07-19T00:16:59.583Z" },
]

[[package]]
name = "requests"
version = "2.34.2"
source = { registry = "https://pypi.org/simple" }
dependencies = [
    { name = "certifi", marker = "platform_machine == 'x86_64' and sys_platform == 'linux'" },
    { name = "charset-normalizer", marker = "platform_machine == 'x86_64' and sys_platform == 'linux'" },
    { name = "idna", marker = "platform_machine == 'x86_64' and sys_platform == 'linux'" },
    { name = "urllib3", marker = "platform_machine == 'x86_64' and sys_platform == 'linux'" },
]
sdist = { url = "https://files.pythonhosted.org/packages/ac/c3/e2a2b89f2d3e2179abd6d00ebd70bff6273f37fb3e0cc209f48b39d00cbf/requests-2.34.2.tar.gz", hash = "sha256:f288924cae4e29463698d6d60bc6a4da69c89185ad1e0bcc4104f584e960b9ed", size = 142856, upload-time = "2026-05-14T19:25:27.735Z" }
wheels = [
    { url = "https://files.pythonhosted.org/packages/a0/f4/c67b0b3f1b9245e8d266f0f112c500d50e5b4e83cb6f3b71b6528104182a/requests-2.34.2-py3-none-any.whl", hash = "sha256:2a0d60c172f83ac6ab31e4554906c0f3b3588d37b5cb939b1c061f4907e278e0", size = 73075, upload-time = "2026-05-14T19:25:26.443Z" },
]

[[package]]
name = "safetensors"
version = "0.8.0"
source = { registry = "https://pypi.org/simple" }
sdist = { url = "https://files.pythonhosted.org/packages/45/06/f955dbbb1859e3bd23c8ac6141af5106e7ad5fedec4a3a6e3d60f94b7001/safetensors-0.8.0.tar.gz", hash = "sha256:fabaf3e0f18a6618d9b36560682562157f77c2b71fcffc7b432be2baed9d753d", size = 325846, upload-time = "2026-06-09T07:52:25.563Z" }
wheels = [
    { url = "https://files.pythonhosted.org/packages/28/50/f203ff3a3ddfe19308efc83c5a3a29ed02bf786732ec35e68bf9162f3365/safetensors-0.8.0-cp310-abi3-manylinux_2_17_x86_64.manylinux2014_x86_64.whl", hash = "sha256:fd6f3f93c9a0a7cc2788ee63fb763353d4bd2e89b0751bc78fcf7dda00bea774", size = 516040, upload-time = "2026-06-09T07:52:16.29Z" },
    { url = "https://files.pythonhosted.org/packages/27/43/41c1621732edd934d868a00d1b891584c892a7b62a9aab82ea5a0a5623ee/safetensors-0.8.0-cp310-abi3-musllinux_1_2_x86_64.whl", hash = "sha256:8e080062fcde23be189565e1c3305d16751a218ecf9412c8601e64204eb6f846", size = 722361, upload-time = "2026-06-09T07:52:23.924Z" },
]

[[package]]
name = "setuptools"
version = "83.0.0"
source = { registry = "https://pypi.org/simple" }
sdist = { url = "https://files.pythonhosted.org/packages/34/26/f5d29e25ffdb535afef2d35cdb55b325298f96debd670da4c325e08d70f4/setuptools-83.0.0.tar.gz", hash = "sha256:025bccbbf0fa05b6192bc64ae1e7b16e001fd6d6d4d5de03c97b1c1ade523bef", size = 1154254, upload-time = "2026-07-04T15:31:22.699Z" }
wheels = [
    { url = "https://files.pythonhosted.org/packages/5d/40/e1e72872c6354b306daef1703549e8e83b4d43cfea356311bf722a043752/setuptools-83.0.0-py3-none-any.whl", hash = "sha256:29b23c360f22f414dc7336bb39178cc7bcbf6021ed2733cde173f09dba19abb3", size = 1008090, upload-time = "2026-07-04T15:31:20.885Z" },
]

[[package]]
name = "sympy"
version = "1.14.0"
source = { registry = "https://pypi.org/simple" }
dependencies = [
    { name = "mpmath", marker = "platform_machine == 'x86_64' and sys_platform == 'linux'" },
]
sdist = { url = "https://files.pythonhosted.org/packages/83/d3/803453b36afefb7c2bb238361cd4ae6125a569b4db67cd9e79846ba2d68c/sympy-1.14.0.tar.gz", hash = "sha256:d3d3fe8df1e5a0b42f0e7bdf50541697dbe7d23746e894990c030e2b05e72517", size = 7793921, upload-time = "2025-04-27T18:05:01.611Z" }
wheels = [
    { url = "https://files.pythonhosted.org/packages/a2/09/77d55d46fd61b4a135c444fc97158ef34a095e5681d0a6c10b75bf356191/sympy-1.14.0-py3-none-any.whl", hash = "sha256:e091cc3e99d2141a0ba2847328f5479b05d94a6635cb96148ccb3f34671bd8f5", size = 6299353, upload-time = "2025-04-27T18:04:59.103Z" },
]

[[package]]
name = "tokenizers"
version = "0.21.4"
source = { registry = "https://pypi.org/simple" }
dependencies = [
    { name = "huggingface-hub", marker = "platform_machine == 'x86_64' and sys_platform == 'linux'" },
]
sdist = { url = "https://files.pythonhosted.org/packages/c2/2f/402986d0823f8d7ca139d969af2917fefaa9b947d1fb32f6168c509f2492/tokenizers-0.21.4.tar.gz", hash = "sha256:fa23f85fbc9a02ec5c6978da172cdcbac23498c3ca9f3645c5c68740ac007880", size = 351253, upload-time = "2025-07-28T15:48:54.325Z" }
wheels = [
    { url = "https://files.pythonhosted.org/packages/f2/90/273b6c7ec78af547694eddeea9e05de771278bd20476525ab930cecaf7d8/tokenizers-0.21.4-cp39-abi3-manylinux_2_17_x86_64.manylinux2014_x86_64.whl", hash = "sha256:51b7eabb104f46c1c50b486520555715457ae833d5aee9ff6ae853d1130506ff", size = 3115426, upload-time = "2025-07-28T15:48:41.439Z" },
    { url = "https://files.pythonhosted.org/packages/b7/0a/42348c995c67e2e6e5c89ffb9cfd68507cbaeb84ff39c49ee6e0a6dd0fd2/tokenizers-0.21.4-cp39-abi3-musllinux_1_2_x86_64.whl", hash = "sha256:c212aa4e45ec0bb5274b16b6f31dd3f1c41944025c2358faaa5782c754e84c24", size = 9461980, upload-time = "2025-07-28T15:48:52.325Z" },
]

[[package]]
name = "torch"
version = "2.8.0+cu128"
source = { registry = "https://download.pytorch.org/whl/cu128" }
dependencies = [
    { name = "filelock", marker = "platform_machine == 'x86_64' and sys_platform == 'linux'" },
    { name = "fsspec", marker = "platform_machine == 'x86_64' and sys_platform == 'linux'" },
    { name = "jinja2", marker = "platform_machine == 'x86_64' and sys_platform == 'linux'" },
    { name = "networkx", marker = "platform_machine == 'x86_64' and sys_platform == 'linux'" },
    { name = "nvidia-cublas-cu12", marker = "platform_machine == 'x86_64' and sys_platform == 'linux'" },
    { name = "nvidia-cuda-cupti-cu12", marker = "platform_machine == 'x86_64' and sys_platform == 'linux'" },
    { name = "nvidia-cuda-nvrtc-cu12", marker = "platform_machine == 'x86_64' and sys_platform == 'linux'" },
    { name = "nvidia-cuda-runtime-cu12", marker = "platform_machine == 'x86_64' and sys_platform == 'linux'" },
    { name = "nvidia-cudnn-cu12", marker = "platform_machine == 'x86_64' and sys_platform == 'linux'" },
    { name = "nvidia-cufft-cu12", marker = "platform_machine == 'x86_64' and sys_platform == 'linux'" },
    { name = "nvidia-cufile-cu12", marker = "platform_machine == 'x86_64' and sys_platform == 'linux'" },
    { name = "nvidia-curand-cu12", marker = "platform_machine == 'x86_64' and sys_platform == 'linux'" },
    { name = "nvidia-cusolver-cu12", marker = "platform_machine == 'x86_64' and sys_platform == 'linux'" },
    { name = "nvidia-cusparse-cu12", marker = "platform_machine == 'x86_64' and sys_platform == 'linux'" },
    { name = "nvidia-cusparselt-cu12", marker = "platform_machine == 'x86_64' and sys_platform == 'linux'" },
    { name = "nvidia-nccl-cu12", marker = "platform_machine == 'x86_64' and sys_platform == 'linux'" },
    { name = "nvidia-nvjitlink-cu12", marker = "platform_machine == 'x86_64' and sys_platform == 'linux'" },
    { name = "nvidia-nvtx-cu12", marker = "platform_machine == 'x86_64' and sys_platform == 'linux'" },
    { name = "sympy", marker = "platform_machine == 'x86_64' and sys_platform == 'linux'" },
    { name = "triton", marker = "platform_machine == 'x86_64' and sys_platform == 'linux'" },
    { name = "typing-extensions", marker = "platform_machine == 'x86_64' and sys_platform == 'linux'" },
]
wheels = [
    { url = "https://download-r2.pytorch.org/whl/cu128/torch-2.8.0%2Bcu128-cp311-cp311-manylinux_2_28_x86_64.whl", hash = "sha256:039b9dcdd6bdbaa10a8a5cd6be22c4cb3e3589a341e5f904cbb571ca28f55bed", upload-time = "2025-10-01T23:49:06Z" },
]

[[package]]
name = "tqdm"
version = "4.70.0"
source = { registry = "https://pypi.org/simple" }
sdist = { url = "https://files.pythonhosted.org/packages/21/3b/6c24bec5be5e743ffd99576daa5cc077722fc7d5bbc00bd133fa0c698dc6/tqdm-4.70.0.tar.gz", hash = "sha256:55b0b0dbd97462d06ebee91e4dac24ed4d4702be82b24f07e6c1d27e08cea220", size = 795438, upload-time = "2026-07-27T11:33:15.271Z" }
wheels = [
    { url = "https://files.pythonhosted.org/packages/f9/1c/01bfd571a64e7f270e6bab5e33777debe0edc56759233ce84f27dec92d14/tqdm-4.70.0-py3-none-any.whl", hash = "sha256:7f585706bfddbdebf89daac705b2dfcc16890130727d3197ca62c732b4310953", size = 80184, upload-time = "2026-07-27T11:33:13.167Z" },
]

[[package]]
name = "transformers"
version = "4.53.2"
source = { registry = "https://pypi.org/simple" }
dependencies = [
    { name = "filelock", marker = "platform_machine == 'x86_64' and sys_platform == 'linux'" },
    { name = "huggingface-hub", marker = "platform_machine == 'x86_64' and sys_platform == 'linux'" },
    { name = "numpy", marker = "platform_machine == 'x86_64' and sys_platform == 'linux'" },
    { name = "packaging", marker = "platform_machine == 'x86_64' and sys_platform == 'linux'" },
    { name = "pyyaml", marker = "platform_machine == 'x86_64' and sys_platform == 'linux'" },
    { name = "regex", marker = "platform_machine == 'x86_64' and sys_platform == 'linux'" },
    { name = "requests", marker = "platform_machine == 'x86_64' and sys_platform == 'linux'" },
    { name = "safetensors", marker = "platform_machine == 'x86_64' and sys_platform == 'linux'" },
    { name = "tokenizers", marker = "platform_machine == 'x86_64' and sys_platform == 'linux'" },
    { name = "tqdm", marker = "platform_machine == 'x86_64' and sys_platform == 'linux'" },
]
sdist = { url = "https://files.pythonhosted.org/packages/4c/67/80f51466ec447028fd84469b208eb742533ce06cc8fad2e3181380199e5c/transformers-4.53.2.tar.gz", hash = "sha256:6c3ed95edfb1cba71c4245758f1b4878c93bf8cde77d076307dacb2cbbd72be2", size = 9201233, upload-time = "2025-07-11T12:39:08.742Z" }
wheels = [
    { url = "https://files.pythonhosted.org/packages/96/88/beb33a79a382fcd2aed0be5222bdc47f41e4bfe7aaa90ae1374f1d8ea2af/transformers-4.53.2-py3-none-any.whl", hash = "sha256:db8f4819bb34f000029c73c3c557e7d06fc1b8e612ec142eecdae3947a9c78bf", size = 10826609, upload-time = "2025-07-11T12:39:05.461Z" },
]

[[package]]
name = "triton"
version = "3.4.0"
source = { registry = "https://pypi.org/simple" }
dependencies = [
    { name = "setuptools", marker = "platform_machine == 'x86_64' and sys_platform == 'linux'" },
]
wheels = [
    { url = "https://files.pythonhosted.org/packages/7d/39/43325b3b651d50187e591eefa22e236b2981afcebaefd4f2fc0ea99df191/triton-3.4.0-cp311-cp311-manylinux_2_27_x86_64.manylinux_2_28_x86_64.whl", hash = "sha256:7b70f5e6a41e52e48cfc087436c8a28c17ff98db369447bcaff3b887a3ab4467", size = 155531138, upload-time = "2025-07-30T19:58:29.908Z" },
]

[[package]]
name = "typing-extensions"
version = "4.16.0"
source = { registry = "https://pypi.org/simple" }
sdist = { url = "https://files.pythonhosted.org/packages/f6/cc/6253133b5bb138fc3306cebfbda2c520f545d36b5be2c7255cc528bb45d6/typing_extensions-4.16.0.tar.gz", hash = "sha256:dc983d19a509c94dba722ee6abd33940f7c05a89e243c47e907eb4db6f1a43e5", size = 113555, upload-time = "2026-07-02T08:40:05.92Z" }
wheels = [
    { url = "https://files.pythonhosted.org/packages/49/d3/b8441a820a491ddfc024b0b0cf0393375b75ea13866d9c66727e54c2fc80/typing_extensions-4.16.0-py3-none-any.whl", hash = "sha256:481caa481374e813c1b176ada14e97f1f67a4539ce9cfeb3f350d78d6370c2e8", size = 45571, upload-time = "2026-07-02T08:40:04.659Z" },
]

[[package]]
name = "urllib3"
version = "2.7.0"
source = { registry = "https://pypi.org/simple" }
sdist = { url = "https://files.pythonhosted.org/packages/53/0c/06f8b233b8fd13b9e5ee11424ef85419ba0d8ba0b3138bf360be2ff56953/urllib3-2.7.0.tar.gz", hash = "sha256:231e0ec3b63ceb14667c67be60f2f2c40a518cb38b03af60abc813da26505f4c", size = 433602, upload-time = "2026-05-07T16:13:18.596Z" }
wheels = [
    { url = "https://files.pythonhosted.org/packages/7f/3e/5db95bcf282c52709639744ca2a8b149baccf648e39c8cc87553df9eae0c/urllib3-2.7.0-py3-none-any.whl", hash = "sha256:9fb4c81ebbb1ce9531cce37674bbc6f1360472bc18ca9a553ede278ef7276897", size = 131087, upload-time = "2026-05-07T16:13:17.151Z" },
]

[[package]]
name = "xxhash"
version = "3.5.0"
source = { registry = "https://pypi.org/simple" }
sdist = { url = "https://files.pythonhosted.org/packages/00/5e/d6e5258d69df8b4ed8c83b6664f2b47d30d2dec551a29ad72a6c69eafd31/xxhash-3.5.0.tar.gz", hash = "sha256:84f2caddf951c9cbf8dc2e22a89d4ccf5d86391ac6418fe81e3c67d0cf60b45f", size = 84241, upload-time = "2024-08-17T09:20:38.972Z" }
wheels = [
    { url = "https://files.pythonhosted.org/packages/d9/72/9256303f10e41ab004799a4aa74b80b3c5977d6383ae4550548b24bd1971/xxhash-3.5.0-cp311-cp311-manylinux_2_17_x86_64.manylinux2014_x86_64.whl", hash = "sha256:89997aa1c4b6a5b1e5b588979d1da048a3c6f15e55c11d117a56b75c84531f5a", size = 194822, upload-time = "2024-08-17T09:18:08.331Z" },
    { url = "https://files.pythonhosted.org/packages/71/43/6db4c02dcb488ad4e03bc86d70506c3d40a384ee73c9b5c93338eb1f3c23/xxhash-3.5.0-cp311-cp311-musllinux_1_2_x86_64.whl", hash = "sha256:963be41bcd49f53af6d795f65c0da9b4cc518c0dd9c47145c98f61cb464f4839", size = 192216, upload-time = "2024-08-17T09:18:18.779Z" },
]
